
Microsoft Visual Studio Solution File, Format Version 12.00
# Visual Studio Version 17
VisualStudioVersion = 17.10.35027.167
MinimumVisualStudioVersion = 10.0.40219.1
Project("{FAE04EC0-301F-11D3-BF4B-00C04F79EFBC}") = "SteamAcc", "SteamAcc\SteamAcc.csproj", "{EE52DD0C-FFFB-48B4-AC41-7CE666AC8DED}"
EndProject
Global
	GlobalSection(SolutionConfigurationPlatforms) = preSolution
		Debug|Any CPU = Debug|Any CPU
		Release|Any CPU = Release|Any CPU
	EndGlobalSection
	GlobalSection(ProjectConfigurationPlatforms) = postSolution
		{EE52DD0C-FFFB-48B4-AC41-7CE666AC8DED}.Debug|Any CPU.ActiveCfg = Debug|Any CPU
		{EE52DD0C-FFFB-48B4-AC41-7CE666AC8DED}.Debug|Any CPU.Build.0 = Debug|Any CPU
		{EE52DD0C-FFFB-48B4-AC41-7CE666AC8DED}.Release|Any CPU.ActiveCfg = Release|Any CPU
		{EE52DD0C-FFFB-48B4-AC41-7CE666AC8DED}.Release|Any CPU.Build.0 = Release|Any CPU
	EndGlobalSection
	GlobalSection(SolutionProperties) = preSolution
		HideSolutionNode = FALSE
	EndGlobalSection
	GlobalSection(ExtensibilityGlobals) = postSolution
		SolutionGuid = {709BDEA2-95DC-4958-BD9F-8233992147D9}
	EndGlobalSection
EndGlobal
